// !$*UTF8*$!
{
	archiveVersion = 1;
	classes = {
	};
	objectVersion = 56;
	objects = {

/* Begin PBXBuildFile section */
		0E4D78D32C27ED5800A6B003 /* HistoryController.swift in Sources */ = {isa = PBXBuildFile; fileRef = 0E4D78D22C27ED5800A6B003 /* HistoryController.swift */; };
		0E4D78D52C27ED9100A6B003 /* WorkoutController.swift in Sources */ = {isa = PBXBuildFile; fileRef = 0E4D78D42C27ED9100A6B003 /* WorkoutController.swift */; };
		0E4D78D72C27EDBB00A6B003 /* ExerciseController.swift in Sources */ = {isa = PBXBuildFile; fileRef = 0E4D78D62C27EDBB00A6B003 /* ExerciseController.swift */; };
		0E4D78D92C27EEAD00A6B003 /* TabController.swift in Sources */ = {isa = PBXBuildFile; fileRef = 0E4D78D82C27EEAD00A6B003 /* TabController.swift */; };
		0EBBA4162C24267300524530 /* AppDelegate.swift in Sources */ = {isa = PBXBuildFile; fileRef = 0EBBA4152C24267300524530 /* AppDelegate.swift */; };
		0EBBA4182C24267300524530 /* SceneDelegate.swift in Sources */ = {isa = PBXBuildFile; fileRef = 0EBBA4172C24267300524530 /* SceneDelegate.swift */; };
		0EBBA41A2C24267300524530 /* HomeController.swift in Sources */ = {isa = PBXBuildFile; fileRef = 0EBBA4192C24267300524530 /* HomeController.swift */; };
		0EBBA41F2C24267400524530 /* Assets.xcassets in Resources */ = {isa = PBXBuildFile; fileRef = 0EBBA41E2C24267400524530 /* Assets.xcassets */; };
		0EBBA4222C24267400524530 /* LaunchScreen.storyboard in Resources */ = {isa = PBXBuildFile; fileRef = 0EBBA4202C24267400524530 /* LaunchScreen.storyboard */; };
		0EBBA42D2C24267500524530 /* TabbarProjectTests.swift in Sources */ = {isa = PBXBuildFile; fileRef = 0EBBA42C2C24267500524530 /* TabbarProjectTests.swift */; };
		0EBBA4372C24267500524530 /* TabbarProjectUITests.swift in Sources */ = {isa = PBXBuildFile; fileRef = 0EBBA4362C24267500524530 /* TabbarProjectUITests.swift */; };
		0EBBA4392C24267500524530 /* TabbarProjectUITestsLaunchTests.swift in Sources */ = {isa = PBXBuildFile; fileRef = 0EBBA4382C24267500524530 /* TabbarProjectUITestsLaunchTests.swift */; };
/* End PBXBuildFile section */

/* Begin PBXContainerItemProxy section */
		0EBBA4292C24267500524530 /* PBXContainerItemProxy */ = {
			isa = PBXContainerItemProxy;
			containerPortal = 0EBBA40A2C24267300524530 /* Project object */;
			proxyType = 1;
			remoteGlobalIDString = 0EBBA4112C24267300524530;
			remoteInfo = TabbarProject;
		};
		0EBBA4332C24267500524530 /* PBXContainerItemProxy */ = {
			isa = PBXContainerItemProxy;
			containerPortal = 0EBBA40A2C24267300524530 /* Project object */;
			proxyType = 1;
			remoteGlobalIDString = 0EBBA4112C24267300524530;
			remoteInfo = TabbarProject;
		};
/* End PBXContainerItemProxy section */

/* Begin PBXFileReference section */
		0E4D78D22C27ED5800A6B003 /* HistoryController.swift */ = {isa = PBXFileReference; lastKnownFileType = sourcecode.swift; path = HistoryController.swift; sourceTree = "<group>"; };
		0E4D78D42C27ED9100A6B003 /* WorkoutController.swift */ = {isa = PBXFileReference; lastKnownFileType = sourcecode.swift; path = WorkoutController.swift; sourceTree = "<group>"; };
		0E4D78D62C27EDBB00A6B003 /* ExerciseController.swift */ = {isa = PBXFileReference; lastKnownFileType = sourcecode.swift; path = ExerciseController.swift; sourceTree = "<group>"; };
		0E4D78D82C27EEAD00A6B003 /* TabController.swift */ = {isa = PBXFileReference; lastKnownFileType = sourcecode.swift; path = TabController.swift; sourceTree = "<group>"; };
		0EBBA4122C24267300524530 /* TabbarProject.app */ = {isa = PBXFileReference; explicitFileType = wrapper.application; includeInIndex = 0; path = TabbarProject.app; sourceTree = BUILT_PRODUCTS_DIR; };
		0EBBA4152C24267300524530 /* AppDelegate.swift */ = {isa = PBXFileReference; lastKnownFileType = sourcecode.swift; path = AppDelegate.swift; sourceTree = "<group>"; };
		0EBBA4172C24267300524530 /* SceneDelegate.swift */ = {isa = PBXFileReference; lastKnownFileType = sourcecode.swift; path = SceneDelegate.swift; sourceTree = "<group>"; };
		0EBBA4192C24267300524530 /* HomeController.swift */ = {isa = PBXFileReference; lastKnownFileType = sourcecode.swift; path = HomeController.swift; sourceTree = "<group>"; };
		0EBBA41E2C24267400524530 /* Assets.xcassets */ = {isa = PBXFileReference; lastKnownFileType = folder.assetcatalog; path = Assets.xcassets; sourceTree = "<group>"; };
		0EBBA4212C24267400524530 /* Base */ = {isa = PBXFileReference; lastKnownFileType = file.storyboard; name = Base; path = Base.lproj/LaunchScreen.storyboard; sourceTree = "<group>"; };
		0EBBA4232C24267400524530 /* Info.plist */ = {isa = PBXFileReference; lastKnownFileType = text.plist.xml; path = Info.plist; sourceTree = "<group>"; };
		0EBBA4282C24267500524530 /* TabbarProjectTests.xctest */ = {isa = PBXFileReference; explicitFileType = wrapper.cfbundle; includeInIndex = 0; path = TabbarProjectTests.xctest; sourceTree = BUILT_PRODUCTS_DIR; };
		0EBBA42C2C24267500524530 /* TabbarProjectTests.swift */ = {isa = PBXFileReference; lastKnownFileType = sourcecode.swift; path = TabbarProjectTests.swift; sourceTree = "<group>"; };
		0EBBA4322C24267500524530 /* TabbarProjectUITests.xctest */ = {isa = PBXFileReference; explicitFileType = wrapper.cfbundle; includeInIndex = 0; path = TabbarProjectUITests.xctest; sourceTree = BUILT_PRODUCTS_DIR; };
		0EBBA4362C24267500524530 /* TabbarProjectUITests.swift */ = {isa = PBXFileReference; lastKnownFileType = sourcecode.swift; path = TabbarProjectUITests.swift; sourceTree = "<group>"; };
		0EBBA4382C24267500524530 /* TabbarProjectUITestsLaunchTests.swift */ = {isa = PBXFileReference; lastKnownFileType = sourcecode.swift; path = TabbarProjectUITestsLaunchTests.swift; sourceTree = "<group>"; };
/* End PBXFileReference section */

/* Begin PBXFrameworksBuildPhase section */
		0EBBA40F2C24267300524530 /* Frameworks */ = {
			isa = PBXFrameworksBuildPhase;
			buildActionMask = 2147483647;
			files = (
			);
			runOnlyForDeploymentPostprocessing = 0;
		};
		0EBBA4252C24267500524530 /* Frameworks */ = {
			isa = PBXFrameworksBuildPhase;
			buildActionMask = 2147483647;
			files = (
			);
			runOnlyForDeploymentPostprocessing = 0;
		};
		0EBBA42F2C24267500524530 /* Frameworks */ = {
			isa = PBXFrameworksBuildPhase;
			buildActionMask = 2147483647;
			files = (
			);
			runOnlyForDeploymentPostprocessing = 0;
		};
/* End PBXFrameworksBuildPhase section */

/* Begin PBXGroup section */
		0E4D78D12C27ECAA00A6B003 /* Supporting */ = {
			isa = PBXGroup;
			children = (
				0EBBA4172C24267300524530 /* SceneDelegate.swift */,
				0EBBA41E2C24267400524530 /* Assets.xcassets */,
				0EBBA4152C24267300524530 /* AppDelegate.swift */,
				0EBBA4202C24267400524530 /* LaunchScreen.storyboard */,
			);
			path = Supporting;
			sourceTree = "<group>";
		};
		0EBBA4092C24267300524530 = {
			isa = PBXGroup;
			children = (
				0EBBA4142C24267300524530 /* TabbarProject */,
				0EBBA42B2C24267500524530 /* TabbarProjectTests */,
				0EBBA4352C24267500524530 /* TabbarProjectUITests */,
				0EBBA4132C24267300524530 /* Products */,
			);
			sourceTree = "<group>";
		};
		0EBBA4132C24267300524530 /* Products */ = {
			isa = PBXGroup;
			children = (
				0EBBA4122C24267300524530 /* TabbarProject.app */,
				0EBBA4282C24267500524530 /* TabbarProjectTests.xctest */,
				0EBBA4322C24267500524530 /* TabbarProjectUITests.xctest */,
			);
			name = Products;
			sourceTree = "<group>";
		};
		0EBBA4142C24267300524530 /* TabbarProject */ = {
			isa = PBXGroup;
			children = (
				0EBBA4192C24267300524530 /* HomeController.swift */,
				0E4D78D62C27EDBB00A6B003 /* ExerciseController.swift */,
				0E4D78D42C27ED9100A6B003 /* WorkoutController.swift */,
				0E4D78D22C27ED5800A6B003 /* HistoryController.swift */,
				0E4D78D82C27EEAD00A6B003 /* TabController.swift */,
				0E4D78D12C27ECAA00A6B003 /* Supporting */,
				0EBBA4232C24267400524530 /* Info.plist */,
			);
			path = TabbarProject;
			sourceTree = "<group>";
		};
		0EBBA42B2C24267500524530 /* TabbarProjectTests */ = {
			isa = PBXGroup;
			children = (
				0EBBA42C2C24267500524530 /* TabbarProjectTests.swift */,
			);
			path = TabbarProjectTests;
			sourceTree = "<group>";
		};
		0EBBA4352C24267500524530 /* TabbarProjectUITests */ = {
			isa = PBXGroup;
			children = (
				0EBBA4362C24267500524530 /* TabbarProjectUITests.swift */,
				0EBBA4382C24267500524530 /* TabbarProjectUITestsLaunchTests.swift */,
			);
			path = TabbarProjectUITests;
			sourceTree = "<group>";
		};
/* End PBXGroup section */

/* Begin PBXNativeTarget section */
		0EBBA4112C24267300524530 /* TabbarProject */ = {
			isa = PBXNativeTarget;
			buildConfigurationList = 0EBBA43C2C24267500524530 /* Build configuration list for PBXNativeTarget "TabbarProject" */;
			buildPhases = (
				0EBBA40E2C24267300524530 /* Sources */,
				0EBBA40F2C24267300524530 /* Frameworks */,
				0EBBA4102C24267300524530 /* Resources */,
			);
			buildRules = (
			);
			dependencies = (
			);
			name = TabbarProject;
			productName = TabbarProject;
			productReference = 0EBBA4122C24267300524530 /* TabbarProject.app */;
			productType = "com.apple.product-type.application";
		};
		0EBBA4272C24267500524530 /* TabbarProjectTests */ = {
			isa = PBXNativeTarget;
			buildConfigurationList = 0EBBA43F2C24267500524530 /* Build configuration list for PBXNativeTarget "TabbarProjectTests" */;
			buildPhases = (
				0EBBA4242C24267500524530 /* Sources */,
				0EBBA4252C24267500524530 /* Frameworks */,
				0EBBA4262C24267500524530 /* Resources */,
			);
			buildRules = (
			);
			dependencies = (
				0EBBA42A2C24267500524530 /* PBXTargetDependency */,
			);
			name = TabbarProjectTests;
			productName = TabbarProjectTests;
			productReference = 0EBBA4282C24267500524530 /* TabbarProjectTests.xctest */;
			productType = "com.apple.product-type.bundle.unit-test";
		};
		0EBBA4312C24267500524530 /* TabbarProjectUITests */ = {
			isa = PBXNativeTarget;
			buildConfigurationList = 0EBBA4422C24267500524530 /* Build configuration list for PBXNativeTarget "TabbarProjectUITests" */;
			buildPhases = (
				0EBBA42E2C24267500524530 /* Sources */,
				0EBBA42F2C24267500524530 /* Frameworks */,
				0EBBA4302C24267500524530 /* Resources */,
			);
			buildRules = (
			);
			dependencies = (
				0EBBA4342C24267500524530 /* PBXTargetDependency */,
			);
			name = TabbarProjectUITests;
			productName = TabbarProjectUITests;
			productReference = 0EBBA4322C24267500524530 /* TabbarProjectUITests.xctest */;
			productType = "com.apple.product-type.bundle.ui-testing";
		};
/* End PBXNativeTarget section */

/* Begin PBXProject section */
		0EBBA40A2C24267300524530 /* Project object */ = {
			isa = PBXProject;
			attributes = {
				BuildIndependentTargetsInParallel = 1;
				LastSwiftUpdateCheck = 1500;
				LastUpgradeCheck = 1500;
				TargetAttributes = {
					0EBBA4112C24267300524530 = {
						CreatedOnToolsVersion = 15.0.1;
					};
					0EBBA4272C24267500524530 = {
						CreatedOnToolsVersion = 15.0.1;
						TestTargetID = 0EBBA4112C24267300524530;
					};
					0EBBA4312C24267500524530 = {
						CreatedOnToolsVersion = 15.0.1;
						TestTargetID = 0EBBA4112C24267300524530;
					};
				};
			};
			buildConfigurationList = 0EBBA40D2C24267300524530 /* Build configuration list for PBXProject "TabbarProject" */;
			compatibilityVersion = "Xcode 14.0";
			developmentRegion = en;
			hasScannedForEncodings = 0;
			knownRegions = (
				en,
				Base,
			);
			mainGroup = 0EBBA4092C24267300524530;
			productRefGroup = 0EBBA4132C24267300524530 /* Products */;
			projectDirPath = "";
			projectRoot = "";
			targets = (
				0EBBA4112C24267300524530 /* TabbarProject */,
				0EBBA4272C24267500524530 /* TabbarProjectTests */,
				0EBBA4312C24267500524530 /* TabbarProjectUITests */,
			);
		};
/* End PBXProject section */

/* Begin PBXResourcesBuildPhase section */
		0EBBA4102C24267300524530 /* Resources */ = {
			isa = PBXResourcesBuildPhase;
			buildActionMask = 2147483647;
			files = (
				0EBBA4222C24267400524530 /* LaunchScreen.storyboard in Resources */,
				0EBBA41F2C24267400524530 /* Assets.xcassets in Resources */,
			);
			runOnlyForDeploymentPostprocessing = 0;
		};
		0EBBA4262C24267500524530 /* Resources */ = {
			isa = PBXResourcesBuildPhase;
			buildActionMask = 2147483647;
			files = (
			);
			runOnlyForDeploymentPostprocessing = 0;
		};
		0EBBA4302C24267500524530 /* Resources */ = {
			isa = PBXResourcesBuildPhase;
			buildActionMask = 2147483647;
			files = (
			);
			runOnlyForDeploymentPostprocessing = 0;
		};
/* End PBXResourcesBuildPhase section */

/* Begin PBXSourcesBuildPhase section */
		0EBBA40E2C24267300524530 /* Sources */ = {
			isa = PBXSourcesBuildPhase;
			buildActionMask = 2147483647;
			files = (
				0E4D78D92C27EEAD00A6B003 /* TabController.swift in Sources */,
				0E4D78D32C27ED5800A6B003 /* HistoryController.swift in Sources */,
				0E4D78D72C27EDBB00A6B003 /* ExerciseController.swift in Sources */,
				0EBBA41A2C24267300524530 /* HomeController.swift in Sources */,
				0EBBA4162C24267300524530 /* AppDelegate.swift in Sources */,
				0EBBA4182C24267300524530 /* SceneDelegate.swift in Sources */,
				0E4D78D52C27ED9100A6B003 /* WorkoutController.swift in Sources */,
			);
			runOnlyForDeploymentPostprocessing = 0;
		};
		0EBBA4242C24267500524530 /* Sources */ = {
			isa = PBXSourcesBuildPhase;
			buildActionMask = 2147483647;
			files = (
				0EBBA42D2C24267500524530 /* TabbarProjectTests.swift in Sources */,
			);
			runOnlyForDeploymentPostprocessing = 0;
		};
		0EBBA42E2C24267500524530 /* Sources */ = {
			isa = PBXSourcesBuildPhase;
			buildActionMask = 2147483647;
			files = (
				0EBBA4392C24267500524530 /* TabbarProjectUITestsLaunchTests.swift in Sources */,
				0EBBA4372C24267500524530 /* TabbarProjectUITests.swift in Sources */,
			);
			runOnlyForDeploymentPostprocessing = 0;
		};
/* End PBXSourcesBuildPhase section */

/* Begin PBXTargetDependency section */
		0EBBA42A2C24267500524530 /* PBXTargetDependency */ = {
			isa = PBXTargetDependency;
			target = 0EBBA4112C24267300524530 /* TabbarProject */;
			targetProxy = 0EBBA4292C24267500524530 /* PBXContainerItemProxy */;
		};
		0EBBA4342C24267500524530 /* PBXTargetDependency */ = {
			isa = PBXTargetDependency;
			target = 0EBBA4112C24267300524530 /* TabbarProject */;
			targetProxy = 0EBBA4332C24267500524530 /* PBXContainerItemProxy */;
		};
/* End PBXTargetDependency section */

/* Begin PBXVariantGroup section */
		0EBBA4202C24267400524530 /* LaunchScreen.storyboard */ = {
			isa = PBXVariantGroup;
			children = (
				0EBBA4212C24267400524530 /* Base */,
			);
			name = LaunchScreen.storyboard;
			sourceTree = "<group>";
		};
/* End PBXVariantGroup section */

/* Begin XCBuildConfiguration section */
		0EBBA43A2C24267500524530 /* Debug */ = {
			isa = XCBuildConfiguration;
			buildSettings = {
				ALWAYS_SEARCH_USER_PATHS = NO;
				ASSETCATALOG_COMPILER_GENERATE_SWIFT_ASSET_SYMBOL_EXTENSIONS = YES;
				CLANG_ANALYZER_NONNULL = YES;
				CLANG_ANALYZER_NUMBER_OBJECT_CONVERSION = YES_AGGRESSIVE;
				CLANG_CXX_LANGUAGE_STANDARD = "gnu++20";
				CLANG_ENABLE_MODULES = YES;
				CLANG_ENABLE_OBJC_ARC = YES;
				CLANG_ENABLE_OBJC_WEAK = YES;
				CLANG_WARN_BLOCK_CAPTURE_AUTORELEASING = YES;
				CLANG_WARN_BOOL_CONVERSION = YES;
				CLANG_WARN_COMMA = YES;
				CLANG_WARN_CONSTANT_CONVERSION = YES;
				CLANG_WARN_DEPRECATED_OBJC_IMPLEMENTATIONS = YES;
				CLANG_WARN_DIRECT_OBJC_ISA_USAGE = YES_ERROR;
				CLANG_WARN_DOCUMENTATION_COMMENTS = YES;
				CLANG_WARN_EMPTY_BODY = YES;
				CLANG_WARN_ENUM_CONVERSION = YES;
				CLANG_WARN_INFINITE_RECURSION = YES;
				CLANG_WARN_INT_CONVERSION = YES;
				CLANG_WARN_NON_LITERAL_NULL_CONVERSION = YES;
				CLANG_WARN_OBJC_IMPLICIT_RETAIN_SELF = YES;
				CLANG_WARN_OBJC_LITERAL_CONVERSION = YES;
				CLANG_WARN_OBJC_ROOT_CLASS = YES_ERROR;
				CLANG_WARN_QUOTED_INCLUDE_IN_FRAMEWORK_HEADER = YES;
				CLANG_WARN_RANGE_LOOP_ANALYSIS = YES;
				CLANG_WARN_STRICT_PROTOTYPES = YES;
				CLANG_WARN_SUSPICIOUS_MOVE = YES;
				CLANG_WARN_UNGUARDED_AVAILABILITY = YES_AGGRESSIVE;
				CLANG_WARN_UNREACHABLE_CODE = YES;
				CLANG_WARN__DUPLICATE_METHOD_MATCH = YES;
				COPY_PHASE_STRIP = NO;
				DEBUG_INFORMATION_FORMAT = dwarf;
				ENABLE_STRICT_OBJC_MSGSEND = YES;
				ENABLE_TESTABILITY = YES;
				ENABLE_USER_SCRIPT_SANDBOXING = YES;
				GCC_C_LANGUAGE_STANDARD = gnu17;
				GCC_DYNAMIC_NO_PIC = NO;
				GCC_NO_COMMON_BLOCKS = YES;
				GCC_OPTIMIZATION_LEVEL = 0;
				GCC_PREPROCESSOR_DEFINITIONS = (
					"DEBUG=1",
					"$(inherited)",
				);
				GCC_WARN_64_TO_32_BIT_CONVERSION = YES;
				GCC_WARN_ABOUT_RETURN_TYPE = YES_ERROR;
				GCC_WARN_UNDECLARED_SELECTOR = YES;
				GCC_WARN_UNINITIALIZED_AUTOS = YES_AGGRESSIVE;
				GCC_WARN_UNUSED_FUNCTION = YES;
				GCC_WARN_UNUSED_VARIABLE = YES;
				IPHONEOS_DEPLOYMENT_TARGET = 13.0;
				LOCALIZATION_PREFERS_STRING_CATALOGS = YES;
				MTL_ENABLE_DEBUG_INFO = INCLUDE_SOURCE;
				MTL_FAST_MATH = YES;
				ONLY_ACTIVE_ARCH = YES;
				SDKROOT = iphoneos;
				SWIFT_ACTIVE_COMPILATION_CONDITIONS = "DEBUG $(inherited)";
				SWIFT_OPTIMIZATION_LEVEL = "-Onone";
			};
			name = Debug;
		};
		0EBBA43B2C24267500524530 /* Release */ = {
			isa = XCBuildConfiguration;
			buildSettings = {
				ALWAYS_SEARCH_USER_PATHS = NO;
				ASSETCATALOG_COMPILER_GENERATE_SWIFT_ASSET_SYMBOL_EXTENSIONS = YES;
				CLANG_ANALYZER_NONNULL = YES;
				CLANG_ANALYZER_NUMBER_OBJECT_CONVERSION = YES_AGGRESSIVE;
				CLANG_CXX_LANGUAGE_STANDARD = "gnu++20";
				CLANG_ENABLE_MODULES = YES;
				CLANG_ENABLE_OBJC_ARC = YES;
				CLANG_ENABLE_OBJC_WEAK = YES;
				CLANG_WARN_BLOCK_CAPTURE_AUTORELEASING = YES;
				CLANG_WARN_BOOL_CONVERSION = YES;
				CLANG_WARN_COMMA = YES;
				CLANG_WARN_CONSTANT_CONVERSION = YES;
				CLANG_WARN_DEPRECATED_OBJC_IMPLEMENTATIONS = YES;
				CLANG_WARN_DIRECT_OBJC_ISA_USAGE = YES_ERROR;
				CLANG_WARN_DOCUMENTATION_COMMENTS = YES;
				CLANG_WARN_EMPTY_BODY = YES;
				CLANG_WARN_ENUM_CONVERSION = YES;
				CLANG_WARN_INFINITE_RECURSION = YES;
				CLANG_WARN_INT_CONVERSION = YES;
				CLANG_WARN_NON_LITERAL_NULL_CONVERSION = YES;
				CLANG_WARN_OBJC_IMPLICIT_RETAIN_SELF = YES;
				CLANG_WARN_OBJC_LITERAL_CONVERSION = YES;
				CLANG_WARN_OBJC_ROOT_CLASS = YES_ERROR;
				CLANG_WARN_QUOTED_INCLUDE_IN_FRAMEWORK_HEADER = YES;
				CLANG_WARN_RANGE_LOOP_ANALYSIS = YES;
				CLANG_WARN_STRICT_PROTOTYPES = YES;
				CLANG_WARN_SUSPICIOUS_MOVE = YES;
				CLANG_WARN_UNGUARDED_AVAILABILITY = YES_AGGRESSIVE;
				CLANG_WARN_UNREACHABLE_CODE = YES;
				CLANG_WARN__DUPLICATE_METHOD_MATCH = YES;
				COPY_PHASE_STRIP = NO;
				DEBUG_INFORMATION_FORMAT = "dwarf-with-dsym";
				ENABLE_NS_ASSERTIONS = NO;
				ENABLE_STRICT_OBJC_MSGSEND = YES;
				ENABLE_USER_SCRIPT_SANDBOXING = YES;
				GCC_C_LANGUAGE_STANDARD = gnu17;
				GCC_NO_COMMON_BLOCKS = YES;
				GCC_WARN_64_TO_32_BIT_CONVERSION = YES;
				GCC_WARN_ABOUT_RETURN_TYPE = YES_ERROR;
				GCC_WARN_UNDECLARED_SELECTOR = YES;
				GCC_WARN_UNINITIALIZED_AUTOS = YES_AGGRESSIVE;
				GCC_WARN_UNUSED_FUNCTION = YES;
				GCC_WARN_UNUSED_VARIABLE = YES;
				IPHONEOS_DEPLOYMENT_TARGET = 13.0;
				LOCALIZATION_PREFERS_STRING_CATALOGS = YES;
				MTL_ENABLE_DEBUG_INFO = NO;
				MTL_FAST_MATH = YES;
				SDKROOT = iphoneos;
				SWIFT_COMPILATION_MODE = wholemodule;
				VALIDATE_PRODUCT = YES;
			};
			name = Release;
		};
		0EBBA43D2C24267500524530 /* Debug */ = {
			isa = XCBuildConfiguration;
			buildSettings = {
				ASSETCATALOG_COMPILER_APPICON_NAME = AppIcon;
				ASSETCATALOG_COMPILER_GLOBAL_ACCENT_COLOR_NAME = AccentColor;
				CODE_SIGN_STYLE = Automatic;
				CURRENT_PROJECT_VERSION = 1;
				DEVELOPMENT_TEAM = PJYN94T65S;
				GENERATE_INFOPLIST_FILE = YES;
				INFOPLIST_FILE = TabbarProject/Info.plist;
				INFOPLIST_KEY_UIApplicationSupportsIndirectInputEvents = YES;
				INFOPLIST_KEY_UILaunchStoryboardName = LaunchScreen;
				INFOPLIST_KEY_UISupportedInterfaceOrientations_iPad = "UIInterfaceOrientationPortrait UIInterfaceOrientationPortraitUpsideDown UIInterfaceOrientationLandscapeLeft UIInterfaceOrientationLandscapeRight";
				INFOPLIST_KEY_UISupportedInterfaceOrientations_iPhone = "UIInterfaceOrientationPortrait UIInterfaceOrientationLandscapeLeft UIInterfaceOrientationLandscapeRight";
				IPHONEOS_DEPLOYMENT_TARGET = 13.0;
				LD_RUNPATH_SEARCH_PATHS = (
					"$(inherited)",
					"@executable_path/Frameworks",
				);
				MARKETING_VERSION = 1.0;
				PRODUCT_BUNDLE_IDENTIFIER = com.RuchiraBandara.TabbarProject;
				PRODUCT_NAME = "$(TARGET_NAME)";
				SWIFT_EMIT_LOC_STRINGS = YES;
				SWIFT_VERSION = 5.0;
				TARGETED_DEVICE_FAMILY = "1,2";
			};
			name = Debug;
		};
		0EBBA43E2C24267500524530 /* Release */ = {
			isa = XCBuildConfiguration;
			buildSettings = {
				ASSETCATALOG_COMPILER_APPICON_NAME = AppIcon;
				ASSETCATALOG_COMPILER_GLOBAL_ACCENT_COLOR_NAME = AccentColor;
				CODE_SIGN_STYLE = Automatic;
				CURRENT_PROJECT_VERSION = 1;
				DEVELOPMENT_TEAM = PJYN94T65S;
				GENERATE_INFOPLIST_FILE = YES;
				INFOPLIST_FILE = TabbarProject/Info.plist;
				INFOPLIST_KEY_UIApplicationSupportsIndirectInputEvents = YES;
				INFOPLIST_KEY_UILaunchStoryboardName = LaunchScreen;
				INFOPLIST_KEY_UISupportedInterfaceOrientations_iPad = "UIInterfaceOrientationPortrait UIInterfaceOrientationPortraitUpsideDown UIInterfaceOrientationLandscapeLeft UIInterfaceOrientationLandscapeRight";
				INFOPLIST_KEY_UISupportedInterfaceOrientations_iPhone = "UIInterfaceOrientationPortrait UIInterfaceOrientationLandscapeLeft UIInterfaceOrientationLandscapeRight";
				IPHONEOS_DEPLOYMENT_TARGET = 13.0;
				LD_RUNPATH_SEARCH_PATHS = (
					"$(inherited)",
					"@executable_path/Frameworks",
				);
				MARKETING_VERSION = 1.0;
				PRODUCT_BUNDLE_IDENTIFIER = com.RuchiraBandara.TabbarProject;
				PRODUCT_NAME = "$(TARGET_NAME)";
				SWIFT_EMIT_LOC_STRINGS = YES;
				SWIFT_VERSION = 5.0;
				TARGETED_DEVICE_FAMILY = "1,2";
			};
			name = Release;
		};
		0EBBA4402C24267500524530 /* Debug */ = {
			isa = XCBuildConfiguration;
			buildSettings = {
				ALWAYS_EMBED_SWIFT_STANDARD_LIBRARIES = YES;
				BUNDLE_LOADER = "$(TEST_HOST)";
				CODE_SIGN_STYLE = Automatic;
				CURRENT_PROJECT_VERSION = 1;
				DEVELOPMENT_TEAM = PJYN94T65S;
				GENERATE_INFOPLIST_FILE = YES;
				IPHONEOS_DEPLOYMENT_TARGET = 17.0;
				MARKETING_VERSION = 1.0;
				PRODUCT_BUNDLE_IDENTIFIER = com.RuchiraBandara.TabbarProjectTests;
				PRODUCT_NAME = "$(TARGET_NAME)";
				SWIFT_EMIT_LOC_STRINGS = NO;
				SWIFT_VERSION = 5.0;
				TARGETED_DEVICE_FAMILY = "1,2";
				TEST_HOST = "$(BUILT_PRODUCTS_DIR)/TabbarProject.app/$(BUNDLE_EXECUTABLE_FOLDER_PATH)/TabbarProject";
			};
			name = Debug;
		};
		0EBBA4412C24267500524530 /* Release */ = {
			isa = XCBuildConfiguration;
			buildSettings = {
				ALWAYS_EMBED_SWIFT_STANDARD_LIBRARIES = YES;
				BUNDLE_LOADER = "$(TEST_HOST)";
				CODE_SIGN_STYLE = Automatic;
				CURRENT_PROJECT_VERSION = 1;
				DEVELOPMENT_TEAM = PJYN94T65S;
				GENERATE_INFOPLIST_FILE = YES;
				IPHONEOS_DEPLOYMENT_TARGET = 17.0;
				MARKETING_VERSION = 1.0;
				PRODUCT_BUNDLE_IDENTIFIER = com.RuchiraBandara.TabbarProjectTests;
				PRODUCT_NAME = "$(TARGET_NAME)";
				SWIFT_EMIT_LOC_STRINGS = NO;
				SWIFT_VERSION = 5.0;
				TARGETED_DEVICE_FAMILY = "1,2";
				TEST_HOST = "$(BUILT_PRODUCTS_DIR)/TabbarProject.app/$(BUNDLE_EXECUTABLE_FOLDER_PATH)/TabbarProject";
			};
			name = Release;
		};
		0EBBA4432C24267500524530 /* Debug */ = {
			isa = XCBuildConfiguration;
			buildSettings = {
				ALWAYS_EMBED_SWIFT_STANDARD_LIBRARIES = YES;
				CODE_SIGN_STYLE = Automatic;
				CURRENT_PROJECT_VERSION = 1;
				DEVELOPMENT_TEAM = PJYN94T65S;
				GENERATE_INFOPLIST_FILE = YES;
				MARKETING_VERSION = 1.0;
				PRODUCT_BUNDLE_IDENTIFIER = com.RuchiraBandara.TabbarProjectUITests;
				PRODUCT_NAME = "$(TARGET_NAME)";
				SWIFT_EMIT_LOC_STRINGS = NO;
				SWIFT_VERSION = 5.0;
				TARGETED_DEVICE_FAMILY = "1,2";
				TEST_TARGET_NAME = TabbarProject;
			};
			name = Debug;
		};
		0EBBA4442C24267500524530 /* Release */ = {
			isa = XCBuildConfiguration;
			buildSettings = {
				ALWAYS_EMBED_SWIFT_STANDARD_LIBRARIES = YES;
				CODE_SIGN_STYLE = Automatic;
				CURRENT_PROJECT_VERSION = 1;
				DEVELOPMENT_TEAM = PJYN94T65S;
				GENERATE_INFOPLIST_FILE = YES;
				MARKETING_VERSION = 1.0;
				PRODUCT_BUNDLE_IDENTIFIER = com.RuchiraBandara.TabbarProjectUITests;
				PRODUCT_NAME = "$(TARGET_NAME)";
				SWIFT_EMIT_LOC_STRINGS = NO;
				SWIFT_VERSION = 5.0;
				TARGETED_DEVICE_FAMILY = "1,2";
				TEST_TARGET_NAME = TabbarProject;
			};
			name = Release;
		};
/* End XCBuildConfiguration section */

/* Begin XCConfigurationList section */
		0EBBA40D2C24267300524530 /* Build configuration list for PBXProject "TabbarProject" */ = {
			isa = XCConfigurationList;
			buildConfigurations = (
				0EBBA43A2C24267500524530 /* Debug */,
				0EBBA43B2C24267500524530 /* Release */,
			);
			defaultConfigurationIsVisible = 0;
			defaultConfigurationName = Release;
		};
		0EBBA43C2C24267500524530 /* Build configuration list for PBXNativeTarget "TabbarProject" */ = {
			isa = XCConfigurationList;
			buildConfigurations = (
				0EBBA43D2C24267500524530 /* Debug */,
				0EBBA43E2C24267500524530 /* Release */,
			);
			defaultConfigurationIsVisible = 0;
			defaultConfigurationName = Release;
		};
		0EBBA43F2C24267500524530 /* Build configuration list for PBXNativeTarget "TabbarProjectTests" */ = {
			isa = XCConfigurationList;
			buildConfigurations = (
				0EBBA4402C24267500524530 /* Debug */,
				0EBBA4412C24267500524530 /* Release */,
			);
			defaultConfigurationIsVisible = 0;
			defaultConfigurationName = Release;
		};
		0EBBA4422C24267500524530 /* Build configuration list for PBXNativeTarget "TabbarProjectUITests" */ = {
			isa = XCConfigurationList;
			buildConfigurations = (
				0EBBA4432C24267500524530 /* Debug */,
				0EBBA4442C24267500524530 /* Release */,
			);
			defaultConfigurationIsVisible = 0;
			defaultConfigurationName = Release;
		};
/* End XCConfigurationList section */
	};
	rootObject = 0EBBA40A2C24267300524530 /* Project object */;
}
